
Microsoft Visual Studio Solution File, Format Version 12.00
# Visual Studio Version 16
VisualStudioVersion = 16.0.30907.101
MinimumVisualStudioVersion = 10.0.40219.1
Project("{9A19103F-16F7-4668-BE54-9A1E7A4F7556}") = "Business", "Business.csproj", "{BFBE3CFC-633C-4945-8694-F454764E67CA}"
EndProject
Global
	GlobalSection(SolutionConfigurationPlatforms) = preSolution
		Debug|Any CPU = Debug|Any CPU
		Release|Any CPU = Release|Any CPU
	EndGlobalSection
	GlobalSection(ProjectConfigurationPlatforms) = postSolution
		{BFBE3CFC-633C-4945-8694-F454764E67CA}.Debug|Any CPU.ActiveCfg = Debug|Any CPU
		{BFBE3CFC-633C-4945-8694-F454764E67CA}.Debug|Any CPU.Build.0 = Debug|Any CPU
		{BFBE3CFC-633C-4945-8694-F454764E67CA}.Release|Any CPU.ActiveCfg = Release|Any CPU
		{BFBE3CFC-633C-4945-8694-F454764E67CA}.Release|Any CPU.Build.0 = Release|Any CPU
	EndGlobalSection
	GlobalSection(SolutionProperties) = preSolution
		HideSolutionNode = FALSE
	EndGlobalSection
	GlobalSection(ExtensibilityGlobals) = postSolution
		SolutionGuid = {13C842D9-EA33-4B67-8D65-CF5CBDE494E3}
	EndGlobalSection
EndGlobal
